
Microsoft Visual Studio Solution File, Format Version 12.00
# Visual Studio Version 16
VisualStudioVersion = 16.0.32106.194
MinimumVisualStudioVersion = 10.0.40219.1
Project("{FAE04EC0-301F-11D3-BF4B-00C04F79EFBC}") = "AdditiveManufactiring.Placement", "AdditiveManufactiring.Placement\AdditiveManufactiring.Placement.csproj", "{AA4E9176-1033-4E5A-8D4A-2FE7D8B933AA}"
EndProject
Project("{FAE04EC0-301F-11D3-BF4B-00C04F79EFBC}") = "AdditiveManufactiringTest", "AdditiveManufactiringTest\AdditiveManufactiringTest.csproj", "{7AF82BF6-0C6C-4BC7-86DA-420D59568EB6}"
EndProject
Global
	GlobalSection(SolutionConfigurationPlatforms) = preSolution
		Debug|Any CPU = Debug|Any CPU
		Release|Any CPU = Release|Any CPU
	EndGlobalSection
	GlobalSection(ProjectConfigurationPlatforms) = postSolution
		{AA4E9176-1033-4E5A-8D4A-2FE7D8B933AA}.Debug|Any CPU.ActiveCfg = Debug|Any CPU
		{AA4E9176-1033-4E5A-8D4A-2FE7D8B933AA}.Debug|Any CPU.Build.0 = Debug|Any CPU
		{AA4E9176-1033-4E5A-8D4A-2FE7D8B933AA}.Release|Any CPU.ActiveCfg = Release|Any CPU
		{AA4E9176-1033-4E5A-8D4A-2FE7D8B933AA}.Release|Any CPU.Build.0 = Release|Any CPU
		{7AF82BF6-0C6C-4BC7-86DA-420D59568EB6}.Debug|Any CPU.ActiveCfg = Debug|Any CPU
		{7AF82BF6-0C6C-4BC7-86DA-420D59568EB6}.Debug|Any CPU.Build.0 = Debug|Any CPU
		{7AF82BF6-0C6C-4BC7-86DA-420D59568EB6}.Release|Any CPU.ActiveCfg = Release|Any CPU
		{7AF82BF6-0C6C-4BC7-86DA-420D59568EB6}.Release|Any CPU.Build.0 = Release|Any CPU
	EndGlobalSection
	GlobalSection(SolutionProperties) = preSolution
		HideSolutionNode = FALSE
	EndGlobalSection
	GlobalSection(ExtensibilityGlobals) = postSolution
		SolutionGuid = {2D1D61F3-AA0A-47B3-8B48-F40C06B81B4C}
	EndGlobalSection
EndGlobal
